// !$*UTF8*$!
{
	archiveVersion = 1;
	classes = {
	};
	objectVersion = 46;
	objects = {

/* Begin PBXBuildFile section */
		C913513C1DC19EF200162022 /* AppDelegate.swift in Sources */ = {isa = PBXBuildFile; fileRef = C913513B1DC19EF200162022 /* AppDelegate.swift */; };
		C913513E1DC19EF200162022 /* ViewController.swift in Sources */ = {isa = PBXBuildFile; fileRef = C913513D1DC19EF200162022 /* ViewController.swift */; };
		C91351411DC19EF200162022 /* Main.storyboard in Resources */ = {isa = PBXBuildFile; fileRef = C913513F1DC19EF200162022 /* Main.storyboard */; };
		C91351431DC19EF200162022 /* Assets.xcassets in Resources */ = {isa = PBXBuildFile; fileRef = C91351421DC19EF200162022 /* Assets.xcassets */; };
		C91351461DC19EF200162022 /* LaunchScreen.storyboard in Resources */ = {isa = PBXBuildFile; fileRef = C91351441DC19EF200162022 /* LaunchScreen.storyboard */; };
/* End PBXBuildFile section */

/* Begin PBXFileReference section */
		C91351381DC19EF200162022 /* Mr.Pig.app */ = {isa = PBXFileReference; explicitFileType = wrapper.application; includeInIndex = 0; path = Mr.Pig.app; sourceTree = BUILT_PRODUCTS_DIR; };
		C913513B1DC19EF200162022 /* AppDelegate.swift */ = {isa = PBXFileReference; lastKnownFileType = sourcecode.swift; path = AppDelegate.swift; sourceTree = "<group>"; };
		C913513D1DC19EF200162022 /* ViewController.swift */ = {isa = PBXFileReference; lastKnownFileType = sourcecode.swift; path = ViewController.swift; sourceTree = "<group>"; };
		C91351401DC19EF200162022 /* Base */ = {isa = PBXFileReference; lastKnownFileType = file.storyboard; name = Base; path = Base.lproj/Main.storyboard; sourceTree = "<group>"; };
		C91351421DC19EF200162022 /* Assets.xcassets */ = {isa = PBXFileReference; lastKnownFileType = folder.assetcatalog; path = Assets.xcassets; sourceTree = "<group>"; };
		C91351451DC19EF200162022 /* Base */ = {isa = PBXFileReference; lastKnownFileType = file.storyboard; name = Base; path = Base.lproj/LaunchScreen.storyboard; sourceTree = "<group>"; };
		C91351471DC19EF200162022 /* Info.plist */ = {isa = PBXFileReference; lastKnownFileType = text.plist.xml; path = Info.plist; sourceTree = "<group>"; };
/* End PBXFileReference section */

/* Begin PBXFrameworksBuildPhase section */
		C91351351DC19EF200162022 /* Frameworks */ = {
			isa = PBXFrameworksBuildPhase;
			buildActionMask = 2147483647;
			files = (
			);
			runOnlyForDeploymentPostprocessing = 0;
		};
/* End PBXFrameworksBuildPhase section */

/* Begin PBXGroup section */
		C913512F1DC19EF200162022 = {
			isa = PBXGroup;
			children = (
				C913513A1DC19EF200162022 /* Mr.Pig */,
				C91351391DC19EF200162022 /* Products */,
			);
			sourceTree = "<group>";
		};
		C91351391DC19EF200162022 /* Products */ = {
			isa = PBXGroup;
			children = (
				C91351381DC19EF200162022 /* Mr.Pig.app */,
			);
			name = Products;
			sourceTree = "<group>";
		};
		C913513A1DC19EF200162022 /* Mr.Pig */ = {
			isa = PBXGroup;
			children = (
				C913513B1DC19EF200162022 /* AppDelegate.swift */,
				C913513D1DC19EF200162022 /* ViewController.swift */,
				C913513F1DC19EF200162022 /* Main.storyboard */,
				C91351421DC19EF200162022 /* Assets.xcassets */,
				C91351441DC19EF200162022 /* LaunchScreen.storyboard */,
				C91351471DC19EF200162022 /* Info.plist */,
			);
			path = Mr.Pig;
			sourceTree = "<group>";
		};
/* End PBXGroup section */

/* Begin PBXNativeTarget section */
		C91351371DC19EF200162022 /* Mr.Pig */ = {
			isa = PBXNativeTarget;
			buildConfigurationList = C913514A1DC19EF200162022 /* Build configuration list for PBXNativeTarget "Mr.Pig" */;
			buildPhases = (
				C91351341DC19EF200162022 /* Sources */,
				C91351351DC19EF200162022 /* Frameworks */,
				C91351361DC19EF200162022 /* Resources */,
			);
			buildRules = (
			);
			dependencies = (
			);
			name = Mr.Pig;
			productName = Mr.Pig;
			productReference = C91351381DC19EF200162022 /* Mr.Pig.app */;
			productType = "com.apple.product-type.application";
		};
/* End PBXNativeTarget section */

/* Begin PBXProject section */
		C91351301DC19EF200162022 /* Project object */ = {
			isa = PBXProject;
			attributes = {
				LastSwiftUpdateCheck = 0800;
				LastUpgradeCheck = 0800;
				ORGANIZATIONNAME = "Sleekible LLC";
				TargetAttributes = {
					C91351371DC19EF200162022 = {
						CreatedOnToolsVersion = 8.0;
						DevelopmentTeam = 25V97QMNV5;
						ProvisioningStyle = Automatic;
					};
				};
			};
			buildConfigurationList = C91351331DC19EF200162022 /* Build configuration list for PBXProject "Mr.Pig" */;
			compatibilityVersion = "Xcode 3.2";
			developmentRegion = English;
			hasScannedForEncodings = 0;
			knownRegions = (
				en,
				Base,
			);
			mainGroup = C913512F1DC19EF200162022;
			productRefGroup = C91351391DC19EF200162022 /* Products */;
			projectDirPath = "";
			projectRoot = "";
			targets = (
				C91351371DC19EF200162022 /* Mr.Pig */,
			);
		};
/* End PBXProject section */

/* Begin PBXResourcesBuildPhase section */
		C91351361DC19EF200162022 /* Resources */ = {
			isa = PBXResourcesBuildPhase;
			buildActionMask = 2147483647;
			files = (
				C91351461DC19EF200162022 /* LaunchScreen.storyboard in Resources */,
				C91351431DC19EF200162022 /* Assets.xcassets in Resources */,
				C91351411DC19EF200162022 /* Main.storyboard in Resources */,
			);
			runOnlyForDeploymentPostprocessing = 0;
		};
/* End PBXResourcesBuildPhase section */

/* Begin PBXSourcesBuildPhase section */
		C91351341DC19EF200162022 /* Sources */ = {
			isa = PBXSourcesBuildPhase;
			buildActionMask = 2147483647;
			files = (
				C913513E1DC19EF200162022 /* ViewController.swift in Sources */,
				C913513C1DC19EF200162022 /* AppDelegate.swift in Sources */,
			);
			runOnlyForDeploymentPostprocessing = 0;
		};
/* End PBXSourcesBuildPhase section */

/* Begin PBXVariantGroup section */
		C913513F1DC19EF200162022 /* Main.storyboard */ = {
			isa = PBXVariantGroup;
			children = (
				C91351401DC19EF200162022 /* Base */,
			);
			name = Main.storyboard;
			sourceTree = "<group>";
		};
		C91351441DC19EF200162022 /* LaunchScreen.storyboard */ = {
			isa = PBXVariantGroup;
			children = (
				C91351451DC19EF200162022 /* Base */,
			);
			name = LaunchScreen.storyboard;
			sourceTree = "<group>";
		};
/* End PBXVariantGroup section */

/* Begin XCBuildConfiguration section */
		C91351481DC19EF200162022 /* Debug */ = {
			isa = XCBuildConfiguration;
			buildSettings = {
				ALWAYS_SEARCH_USER_PATHS = NO;
				CLANG_ANALYZER_NONNULL = YES;
				CLANG_CXX_LANGUAGE_STANDARD = "gnu++0x";
				CLANG_CXX_LIBRARY = "libc++";
				CLANG_ENABLE_MODULES = YES;
				CLANG_ENABLE_OBJC_ARC = YES;
				CLANG_WARN_BOOL_CONVERSION = YES;
				CLANG_WARN_CONSTANT_CONVERSION = YES;
				CLANG_WARN_DIRECT_OBJC_ISA_USAGE = YES_ERROR;
				CLANG_WARN_DOCUMENTATION_COMMENTS = YES;
				CLANG_WARN_EMPTY_BODY = YES;
				CLANG_WARN_ENUM_CONVERSION = YES;
				CLANG_WARN_INFINITE_RECURSION = YES;
				CLANG_WARN_INT_CONVERSION = YES;
				CLANG_WARN_OBJC_ROOT_CLASS = YES_ERROR;
				CLANG_WARN_SUSPICIOUS_MOVES = YES;
				CLANG_WARN_UNREACHABLE_CODE = YES;
				CLANG_WARN__DUPLICATE_METHOD_MATCH = YES;
				"CODE_SIGN_IDENTITY[sdk=iphoneos*]" = "iPhone Developer";
				COPY_PHASE_STRIP = NO;
				DEBUG_INFORMATION_FORMAT = dwarf;
				ENABLE_STRICT_OBJC_MSGSEND = YES;
				ENABLE_TESTABILITY = YES;
				GCC_C_LANGUAGE_STANDARD = gnu99;
				GCC_DYNAMIC_NO_PIC = NO;
				GCC_NO_COMMON_BLOCKS = YES;
				GCC_OPTIMIZATION_LEVEL = 0;
				GCC_PREPROCESSOR_DEFINITIONS = (
					"DEBUG=1",
					"$(inherited)",
				);
				GCC_WARN_64_TO_32_BIT_CONVERSION = YES;
				GCC_WARN_ABOUT_RETURN_TYPE = YES_ERROR;
				GCC_WARN_UNDECLARED_SELECTOR = YES;
				GCC_WARN_UNINITIALIZED_AUTOS = YES_AGGRESSIVE;
				GCC_WARN_UNUSED_FUNCTION = YES;
				GCC_WARN_UNUSED_VARIABLE = YES;
				IPHONEOS_DEPLOYMENT_TARGET = 10.0;
				MTL_ENABLE_DEBUG_INFO = YES;
				ONLY_ACTIVE_ARCH = YES;
				SDKROOT = iphoneos;
				SWIFT_ACTIVE_COMPILATION_CONDITIONS = DEBUG;
				SWIFT_OPTIMIZATION_LEVEL = "-Onone";
				TARGETED_DEVICE_FAMILY = "1,2";
			};
			name = Debug;
		};
		C91351491DC19EF200162022 /* Release */ = {
			isa = XCBuildConfiguration;
			buildSettings = {
				ALWAYS_SEARCH_USER_PATHS = NO;
				CLANG_ANALYZER_NONNULL = YES;
				CLANG_CXX_LANGUAGE_STANDARD = "gnu++0x";
				CLANG_CXX_LIBRARY = "libc++";
				CLANG_ENABLE_MODULES = YES;
				CLANG_ENABLE_OBJC_ARC = YES;
				CLANG_WARN_BOOL_CONVERSION = YES;
				CLANG_WARN_CONSTANT_CONVERSION = YES;
				CLANG_WARN_DIRECT_OBJC_ISA_USAGE = YES_ERROR;
				CLANG_WARN_DOCUMENTATION_COMMENTS = YES;
				CLANG_WARN_EMPTY_BODY = YES;
				CLANG_WARN_ENUM_CONVERSION = YES;
				CLANG_WARN_INFINITE_RECURSION = YES;
				CLANG_WARN_INT_CONVERSION = YES;
				CLANG_WARN_OBJC_ROOT_CLASS = YES_ERROR;
				CLANG_WARN_SUSPICIOUS_MOVES = YES;
				CLANG_WARN_UNREACHABLE_CODE = YES;
				CLANG_WARN__DUPLICATE_METHOD_MATCH = YES;
				"CODE_SIGN_IDENTITY[sdk=iphoneos*]" = "iPhone Developer";
				COPY_PHASE_STRIP = NO;
				DEBUG_INFORMATION_FORMAT = "dwarf-with-dsym";
				ENABLE_NS_ASSERTIONS = NO;
				ENABLE_STRICT_OBJC_MSGSEND = YES;
				GCC_C_LANGUAGE_STANDARD = gnu99;
				GCC_NO_COMMON_BLOCKS = YES;
				GCC_WARN_64_TO_32_BIT_CONVERSION = YES;
				GCC_WARN_ABOUT_RETURN_TYPE = YES_ERROR;
				GCC_WARN_UNDECLARED_SELECTOR = YES;
				GCC_WARN_UNINITIALIZED_AUTOS = YES_AGGRESSIVE;
				GCC_WARN_UNUSED_FUNCTION = YES;
				GCC_WARN_UNUSED_VARIABLE = YES;
				IPHONEOS_DEPLOYMENT_TARGET = 10.0;
				MTL_ENABLE_DEBUG_INFO = NO;
				SDKROOT = iphoneos;
				SWIFT_OPTIMIZATION_LEVEL = "-Owholemodule";
				TARGETED_DEVICE_FAMILY = "1,2";
				VALIDATE_PRODUCT = YES;
			};
			name = Release;
		};
		C913514B1DC19EF200162022 /* Debug */ = {
			isa = XCBuildConfiguration;
			buildSettings = {
				ASSETCATALOG_COMPILER_APPICON_NAME = AppIcon;
				DEVELOPMENT_TEAM = 25V97QMNV5;
				INFOPLIST_FILE = Mr.Pig/Info.plist;
				LD_RUNPATH_SEARCH_PATHS = "$(inherited) @executable_path/Frameworks";
				PRODUCT_BUNDLE_IDENTIFIER = "com.sleekible.Mr-Pig";
				PRODUCT_NAME = "$(TARGET_NAME)";
				SWIFT_VERSION = 3.0;
			};
			name = Debug;
		};
		C913514C1DC19EF200162022 /* Release */ = {
			isa = XCBuildConfiguration;
			buildSettings = {
				ASSETCATALOG_COMPILER_APPICON_NAME = AppIcon;
				DEVELOPMENT_TEAM = 25V97QMNV5;
				INFOPLIST_FILE = Mr.Pig/Info.plist;
				LD_RUNPATH_SEARCH_PATHS = "$(inherited) @executable_path/Frameworks";
				PRODUCT_BUNDLE_IDENTIFIER = "com.sleekible.Mr-Pig";
				PRODUCT_NAME = "$(TARGET_NAME)";
				SWIFT_VERSION = 3.0;
			};
			name = Release;
		};
/* End XCBuildConfiguration section */

/* Begin XCConfigurationList section */
		C91351331DC19EF200162022 /* Build configuration list for PBXProject "Mr.Pig" */ = {
			isa = XCConfigurationList;
			buildConfigurations = (
				C91351481DC19EF200162022 /* Debug */,
				C91351491DC19EF200162022 /* Release */,
			);
			defaultConfigurationIsVisible = 0;
			defaultConfigurationName = Release;
		};
		C913514A1DC19EF200162022 /* Build configuration list for PBXNativeTarget "Mr.Pig" */ = {
			isa = XCConfigurationList;
			buildConfigurations = (
				C913514B1DC19EF200162022 /* Debug */,
				C913514C1DC19EF200162022 /* Release */,
			);
			defaultConfigurationIsVisible = 0;
		};
/* End XCConfigurationList section */
	};
	rootObject = C91351301DC19EF200162022 /* Project object */;
}
